# THIS IS AN AUTOGENERATED FILE. DO NOT EDIT THIS FILE DIRECTLY.
# yarn lockfile v1


markov-generator@^1.2.3:
  version "1.2.3"
  resolved "https://registry.yarnpkg.com/markov-generator/-/markov-generator-1.2.3.tgz#310200ce1b67eaff91c78d951eb9689fa50c716a"
  integrity sha512-Q5HdOtfDt/rjL10taQNLjjXlgNTC2WWUj1j7+3O0ZzJXjn08LOuCtlQLy4GfTmVG8PVyYCiVQB5wctUc/nwJzA==
